github.com/benpate/derp v0.39.0 h1:lgxuAWzYK6vNrcf5phMAUSPMK53dpHXOkNaRBunVjxk=
github.com/benpate/derp v0.39.0/go.mod h1:eWyOubqTrcUKVPnBoQBw9J9GdpCxupkMO56mGGvjCtI=
github.com/benpate/remote v0.24.0 h1:26SD2Ia2pd/5/ZqHz1mtYWNt4YqKZD8Juvrioc+4M8Y=
github.com/benpate/remote v0.24.0/go.mod h1:lRVk9/bYRsrgAWFNubiuuBQiuh/RGVxkIR7v6wB+9zw=
github.com/benpate/rosetta v0.35.0 h1:XhYjorXd6INO+qsw0F3cB4HUKvxsLMnyqVKKgO/fnik=
github.com/benpate/rosetta v0.35.0/go.mod h1:h3hUfcvQG7xDEH54ehE3tgFWN1reWNCp3/vM7dsWJT8=
github.com/benpate/uri v0.6.0 h1:c6kcUzAiK3jXgYq29XycH0nA3a2MbI1/nLHQt4mUGoU=
github.com/benpate/uri v0.6.0/go.mod h1:tlRTl+cKSK7cQkB4OkUDDiOsnYZ7dS7FzaVCJ6DOzrQ=
github.com/stretchr/testify v1.12.1 h1:EuwCh5fleGS7H32xRwO3wRGT7DxrDhLAT6FF8MpWDWE=
github.com/stretchr/testify v1.12.1/go.mod h1:MDEgiDPPsNp5cuIrHPPCyornHKgEVbtFUmoNlxoYthg=
go.yaml.in/yaml/v3 v3.0.5 h1:N6y/pJk8buWs9NY5ERU2HSMfm+IuD/OtfdAnq6kESPw=
go.yaml.in/yaml/v3 v3.0.5/go.mod h1:HVTZu1O7/Vkt2N+BFy8Zza+lnLsABggaTM2ZpNIGuKg=
golang.org/x/net v0.58.0 h1:ynWG7rqYi4ccpTEuPZ2QGWHktVEM9DMCj9yzDE0Q7To=
golang.org/x/net v0.58.0/go.mod h1:YwCddHnFlT7eLQqVprV19OnhLGtc5xOKgE0RyqgfWAU=
golang.org/x/text v0.41.0 h1:vz/seA0lnX87Othu2f/0L24RcgrXD9/YFTSuGjj3rH8=
golang.org/x/text v0.41.0/go.mod h1:jvf1O8ajNzZqhSrQBPbutR/EB83Cc0CFrezNQIwbb5M=
